
Microsoft Visual Studio Solution File, Format Version 12.00
# Visual Studio Version 17
VisualStudioVersion = 17.10.35013.160
MinimumVisualStudioVersion = 10.0.40219.1
Project("{FAE04EC0-301F-11D3-BF4B-00C04F79EFBC}") = "Topic 8.5 - Hangman Lite Assignment (Electric Boogaloo)", "Topic 8.5 - Hangman Lite Assignment (Electric Boogaloo).csproj", "{F07ADF36-1C8A-4664-BD2C-5E591640FA07}"
EndProject
Global
	GlobalSection(SolutionConfigurationPlatforms) = preSolution
		Debug|Any CPU = Debug|Any CPU
		Release|Any CPU = Release|Any CPU
	EndGlobalSection
	GlobalSection(ProjectConfigurationPlatforms) = postSolution
		{F07ADF36-1C8A-4664-BD2C-5E591640FA07}.Debug|Any CPU.ActiveCfg = Debug|Any CPU
		{F07ADF36-1C8A-4664-BD2C-5E591640FA07}.Debug|Any CPU.Build.0 = Debug|Any CPU
		{F07ADF36-1C8A-4664-BD2C-5E591640FA07}.Release|Any CPU.ActiveCfg = Release|Any CPU
		{F07ADF36-1C8A-4664-BD2C-5E591640FA07}.Release|Any CPU.Build.0 = Release|Any CPU
	EndGlobalSection
	GlobalSection(SolutionProperties) = preSolution
		HideSolutionNode = FALSE
	EndGlobalSection
	GlobalSection(ExtensibilityGlobals) = postSolution
		SolutionGuid = {AC7C0428-AF7E-4E07-B7F7-187642D9862F}
	EndGlobalSection
EndGlobal
